// !$*UTF8*$!
{
	archiveVersion = 1;
	classes = {
	};
	objectVersion = 46;
	objects = {

/* Begin PBXBuildFile section */
		8705F421169145B6005989C8 /* TreeViewController.m in Sources */ = {isa = PBXBuildFile; fileRef = 8705F420169145B6005989C8 /* TreeViewController.m */; };
		87161E86167877AA00064AC2 /* UIKit.framework in Frameworks */ = {isa = PBXBuildFile; fileRef = 87161E85167877AA00064AC2 /* UIKit.framework */; };
		87161E88167877AA00064AC2 /* Foundation.framework in Frameworks */ = {isa = PBXBuildFile; fileRef = 87161E87167877AA00064AC2 /* Foundation.framework */; };
		87161E8A167877AA00064AC2 /* CoreGraphics.framework in Frameworks */ = {isa = PBXBuildFile; fileRef = 87161E89167877AA00064AC2 /* CoreGraphics.framework */; };
		87161E90167877AA00064AC2 /* InfoPlist.strings in Resources */ = {isa = PBXBuildFile; fileRef = 87161E8E167877AA00064AC2 /* InfoPlist.strings */; };
		87161E92167877AA00064AC2 /* main.m in Sources */ = {isa = PBXBuildFile; fileRef = 87161E91167877AA00064AC2 /* main.m */; };
		87161E96167877AA00064AC2 /* AppDelegate.m in Sources */ = {isa = PBXBuildFile; fileRef = 87161E95167877AA00064AC2 /* AppDelegate.m */; };
		87161E98167877AA00064AC2 /* Default.png in Resources */ = {isa = PBXBuildFile; fileRef = 87161E97167877AA00064AC2 /* Default.png */; };
		87161E9A167877AA00064AC2 /* Default@2x.png in Resources */ = {isa = PBXBuildFile; fileRef = 87161E99167877AA00064AC2 /* Default@2x.png */; };
		87161E9C167877AA00064AC2 /* Default-568h@2x.png in Resources */ = {isa = PBXBuildFile; fileRef = 87161E9B167877AA00064AC2 /* Default-568h@2x.png */; };
		87161EED1678859700064AC2 /* libz.dylib in Frameworks */ = {isa = PBXBuildFile; fileRef = 87161EEC1678859700064AC2 /* libz.dylib */; };
		87161EF0167885CB00064AC2 /* SystemConfiguration.framework in Frameworks */ = {isa = PBXBuildFile; fileRef = 87161EEE167885C200064AC2 /* SystemConfiguration.framework */; };
		87161EF31678861000064AC2 /* MobileCoreServices.framework in Frameworks */ = {isa = PBXBuildFile; fileRef = 87161EF11678860900064AC2 /* MobileCoreServices.framework */; };
		87161F201678AA5E00064AC2 /* DDASLLogger.m in Sources */ = {isa = PBXBuildFile; fileRef = 87161F191678AA5E00064AC2 /* DDASLLogger.m */; };
		87161F211678AA5E00064AC2 /* DDFileLogger.m in Sources */ = {isa = PBXBuildFile; fileRef = 87161F1B1678AA5E00064AC2 /* DDFileLogger.m */; };
		87161F221678AA5E00064AC2 /* DDLog.m in Sources */ = {isa = PBXBuildFile; fileRef = 87161F1D1678AA5E00064AC2 /* DDLog.m */; };
		87161F231678AA5E00064AC2 /* DDTTYLogger.m in Sources */ = {isa = PBXBuildFile; fileRef = 87161F1F1678AA5E00064AC2 /* DDTTYLogger.m */; };
		87161F321678AD5300064AC2 /* XmlReader.m in Sources */ = {isa = PBXBuildFile; fileRef = 87161F311678AD5300064AC2 /* XmlReader.m */; };
		87161F3A1678BA5800064AC2 /* VifModel.m in Sources */ = {isa = PBXBuildFile; fileRef = 87161F391678BA5800064AC2 /* VifModel.m */; };
		871CD20E169A81EA004BA9AC /* ThreadViewController.m in Sources */ = {isa = PBXBuildFile; fileRef = 871CD20D169A81EA004BA9AC /* ThreadViewController.m */; };
		871CD247169A9CE1004BA9AC /* CKRefreshArrowView.m in Sources */ = {isa = PBXBuildFile; fileRef = 871CD244169A9CE1004BA9AC /* CKRefreshArrowView.m */; };
		871CD248169A9CE1004BA9AC /* CKRefreshControl.m in Sources */ = {isa = PBXBuildFile; fileRef = 871CD246169A9CE1004BA9AC /* CKRefreshControl.m */; };
		871E111C169FE2C6000286C9 /* PostViewController.m in Sources */ = {isa = PBXBuildFile; fileRef = 871E111B169FE2C6000286C9 /* PostViewController.m */; };
		871E1120169FEA4A000286C9 /* BaseVifViewController.m in Sources */ = {isa = PBXBuildFile; fileRef = 871E111F169FEA4A000286C9 /* BaseVifViewController.m */; };
		871E1122169FF863000286C9 /* dark_background.png in Resources */ = {isa = PBXBuildFile; fileRef = 871E1121169FF863000286C9 /* dark_background.png */; };
		871E113116A01730000286C9 /* Settings.bundle in Resources */ = {isa = PBXBuildFile; fileRef = 871E113016A01730000286C9 /* Settings.bundle */; };
		8720A0DB1679B11C0006A2BA /* QuartzCore.framework in Frameworks */ = {isa = PBXBuildFile; fileRef = 8720A0D91679B1130006A2BA /* QuartzCore.framework */; };
		8720A0DE1679B1400006A2BA /* CoreText.framework in Frameworks */ = {isa = PBXBuildFile; fileRef = 8720A0DC1679B12E0006A2BA /* CoreText.framework */; };
		8720A1031679C7DD0006A2BA /* libxml2.dylib in Frameworks */ = {isa = PBXBuildFile; fileRef = 8720A1021679C7DD0006A2BA /* libxml2.dylib */; };
		8728F9C5168C19AB006F4A46 /* UIFont+Kolyvan.m in Sources */ = {isa = PBXBuildFile; fileRef = 8728F9C3168C19AB006F4A46 /* UIFont+Kolyvan.m */; };
		8728F9C9168C19BE006F4A46 /* KxTableViewController.m in Sources */ = {isa = PBXBuildFile; fileRef = 8728F9C8168C19BE006F4A46 /* KxTableViewController.m */; };
		8728F9CC168C19C6006F4A46 /* ColorTheme.m in Sources */ = {isa = PBXBuildFile; fileRef = 8728F9CB168C19C6006F4A46 /* ColorTheme.m */; };
		8728F9CF168C1B9A006F4A46 /* ArticleCell.m in Sources */ = {isa = PBXBuildFile; fileRef = 8728F9CE168C1B9A006F4A46 /* ArticleCell.m */; };
		8728F9D2168C1FB4006F4A46 /* FastCell.m in Sources */ = {isa = PBXBuildFile; fileRef = 8728F9D1168C1FB4006F4A46 /* FastCell.m */; settings = {COMPILER_FLAGS = "-fno-objc-arc"; }; };
		872905E4169C027500465C6B /* ImageLoader.m in Sources */ = {isa = PBXBuildFile; fileRef = 872905E3169C027500465C6B /* ImageLoader.m */; };
		872B2A4D169D307400C3CC02 /* WebBrowserViewController.m in Sources */ = {isa = PBXBuildFile; fileRef = 872B2A4C169D307400C3CC02 /* WebBrowserViewController.m */; };
		872B2A6A169D412F00C3CC02 /* webback.png in Resources */ = {isa = PBXBuildFile; fileRef = 872B2A66169D412F00C3CC02 /* webback.png */; };
		872B2A6B169D412F00C3CC02 /* webback@2x.png in Resources */ = {isa = PBXBuildFile; fileRef = 872B2A67169D412F00C3CC02 /* webback@2x.png */; };
		872B2A6C169D412F00C3CC02 /* webforward.png in Resources */ = {isa = PBXBuildFile; fileRef = 872B2A68169D412F00C3CC02 /* webforward.png */; };
		872B2A6D169D412F00C3CC02 /* webforward@2x.png in Resources */ = {isa = PBXBuildFile; fileRef = 872B2A69169D412F00C3CC02 /* webforward@2x.png */; };
		872B2A7B169D501700C3CC02 /* VifMessageCache.m in Sources */ = {isa = PBXBuildFile; fileRef = 872B2A7A169D501700C3CC02 /* VifMessageCache.m */; };
		872E4EB7168ACCDF00EA702A /* HTTPRequest.m in Sources */ = {isa = PBXBuildFile; fileRef = 872E4EB6168ACCDF00EA702A /* HTTPRequest.m */; };
		8732128716A1585F00906C2C /* KxUtils.m in Sources */ = {isa = PBXBuildFile; fileRef = 8732127E16A1585F00906C2C /* KxUtils.m */; };
		8732128816A1585F00906C2C /* NSArray+Kolyvan.m in Sources */ = {isa = PBXBuildFile; fileRef = 8732128016A1585F00906C2C /* NSArray+Kolyvan.m */; };
		8732128916A1585F00906C2C /* NSDate+Kolyvan.m in Sources */ = {isa = PBXBuildFile; fileRef = 8732128216A1585F00906C2C /* NSDate+Kolyvan.m */; };
		8732128A16A1585F00906C2C /* NSDictionary+Kolyvan.m in Sources */ = {isa = PBXBuildFile; fileRef = 8732128416A1585F00906C2C /* NSDictionary+Kolyvan.m */; };
		8732128B16A1585F00906C2C /* NSString+Kolyvan.m in Sources */ = {isa = PBXBuildFile; fileRef = 8732128616A1585F00906C2C /* NSString+Kolyvan.m */; };
		8732129016A1586F00906C2C /* KxList.m in Sources */ = {isa = PBXBuildFile; fileRef = 8732128D16A1586F00906C2C /* KxList.m */; };
		8732129116A1586F00906C2C /* KxTuple2.m in Sources */ = {isa = PBXBuildFile; fileRef = 8732128F16A1586F00906C2C /* KxTuple2.m */; };
		878BBB81168ED518007C3381 /* helpers.m in Sources */ = {isa = PBXBuildFile; fileRef = 878BBB80168ED518007C3381 /* helpers.m */; };
		87DB8BAE169E7BDC0020D04E /* back.png in Resources */ = {isa = PBXBuildFile; fileRef = 87DB8BAC169E7BDC0020D04E /* back.png */; };
		87DB8BAF169E7BDC0020D04E /* back@2x.png in Resources */ = {isa = PBXBuildFile; fileRef = 87DB8BAD169E7BDC0020D04E /* back@2x.png */; };
		87DB8C4F169ECA9E0020D04E /* VifSettings.m in Sources */ = {isa = PBXBuildFile; fileRef = 87DB8C4E169ECA9E0020D04E /* VifSettings.m */; };
		87DB8C5F169EE0480020D04E /* LoginViewController.m in Sources */ = {isa = PBXBuildFile; fileRef = 87DB8C5D169EE0480020D04E /* LoginViewController.m */; };
		87FA53CB16ACEF690090DDA3 /* Icon.png in Resources */ = {isa = PBXBuildFile; fileRef = 87FA53CA16ACEF690090DDA3 /* Icon.png */; };
		87FA53CE16ACEF700090DDA3 /* Icon@2x.png in Resources */ = {isa = PBXBuildFile; fileRef = 87FA53CD16ACEF700090DDA3 /* Icon@2x.png */; };
		87FA53DD16AD00190090DDA3 /* NSData+Kolyvan.m in Sources */ = {isa = PBXBuildFile; fileRef = 87FA53DC16AD00190090DDA3 /* NSData+Kolyvan.m */; };
		87FDE02016A14AF000B204D4 /* Localizable.strings in Resources */ = {isa = PBXBuildFile; fileRef = 87FDE02216A14AF000B204D4 /* Localizable.strings */; };
		87FDE03616A157C900B204D4 /* DTHTMLParser.m in Sources */ = {isa = PBXBuildFile; fileRef = 87FDE02C16A157C900B204D4 /* DTHTMLParser.m */; };
		87FDE03716A157C900B204D4 /* hyphenation.m in Sources */ = {isa = PBXBuildFile; fileRef = 87FDE02E16A157C900B204D4 /* hyphenation.m */; };
		87FDE03816A157C900B204D4 /* KxHTML.m in Sources */ = {isa = PBXBuildFile; fileRef = 87FDE03116A157C900B204D4 /* KxHTML.m */; };
		87FDE03916A157C900B204D4 /* NSString+HTML.m in Sources */ = {isa = PBXBuildFile; fileRef = 87FDE03316A157C900B204D4 /* NSString+HTML.m */; };
		87FDE03A16A157C900B204D4 /* UIColor+HTML.m in Sources */ = {isa = PBXBuildFile; fileRef = 87FDE03516A157C900B204D4 /* UIColor+HTML.m */; };
/* End PBXBuildFile section */

/* Begin PBXFileReference section */
		8705F41F169145B6005989C8 /* TreeViewController.h */ = {isa = PBXFileReference; fileEncoding = 4; lastKnownFileType = sourcecode.c.h; path = TreeViewController.h; sourceTree = "<group>"; };
		8705F420169145B6005989C8 /* TreeViewController.m */ = {isa = PBXFileReference; fileEncoding = 4; lastKnownFileType = sourcecode.c.objc; path = TreeViewController.m; sourceTree = "<group>"; };
		87161E81167877AA00064AC2 /* VIF2NE.RU.app */ = {isa = PBXFileReference; explicitFileType = wrapper.application; includeInIndex = 0; path = VIF2NE.RU.app; sourceTree = BUILT_PRODUCTS_DIR; };
		87161E85167877AA00064AC2 /* UIKit.framework */ = {isa = PBXFileReference; lastKnownFileType = wrapper.framework; name = UIKit.framework; path = System/Library/Frameworks/UIKit.framework; sourceTree = SDKROOT; };
		87161E87167877AA00064AC2 /* Foundation.framework */ = {isa = PBXFileReference; lastKnownFileType = wrapper.framework; name = Foundation.framework; path = System/Library/Frameworks/Foundation.framework; sourceTree = SDKROOT; };
		87161E89167877AA00064AC2 /* CoreGraphics.framework */ = {isa = PBXFileReference; lastKnownFileType = wrapper.framework; name = CoreGraphics.framework; path = System/Library/Frameworks/CoreGraphics.framework; sourceTree = SDKROOT; };
		87161E8D167877AA00064AC2 /* kxvif2ne-Info.plist */ = {isa = PBXFileReference; lastKnownFileType = text.plist.xml; path = "kxvif2ne-Info.plist"; sourceTree = "<group>"; };
		87161E8F167877AA00064AC2 /* en */ = {isa = PBXFileReference; lastKnownFileType = text.plist.strings; name = en; path = en.lproj/InfoPlist.strings; sourceTree = "<group>"; };
		87161E91167877AA00064AC2 /* main.m */ = {isa = PBXFileReference; lastKnownFileType = sourcecode.c.objc; path = main.m; sourceTree = "<group>"; };
		87161E93167877AA00064AC2 /* kxvif2ne-Prefix.pch */ = {isa = PBXFileReference; lastKnownFileType = sourcecode.c.h; path = "kxvif2ne-Prefix.pch"; sourceTree = "<group>"; };
		87161E94167877AA00064AC2 /* AppDelegate.h */ = {isa = PBXFileReference; lastKnownFileType = sourcecode.c.h; path = AppDelegate.h; sourceTree = "<group>"; };
		87161E95167877AA00064AC2 /* AppDelegate.m */ = {isa = PBXFileReference; lastKnownFileType = sourcecode.c.objc; path = AppDelegate.m; sourceTree = "<group>"; };
		87161E97167877AA00064AC2 /* Default.png */ = {isa = PBXFileReference; lastKnownFileType = image.png; path = Default.png; sourceTree = "<group>"; };
		87161E99167877AA00064AC2 /* Default@2x.png */ = {isa = PBXFileReference; lastKnownFileType = image.png; path = "Default@2x.png"; sourceTree = "<group>"; };
		87161E9B167877AA00064AC2 /* Default-568h@2x.png */ = {isa = PBXFileReference; lastKnownFileType = image.png; path = "Default-568h@2x.png"; sourceTree = "<group>"; };
		87161EEC1678859700064AC2 /* libz.dylib */ = {isa = PBXFileReference; lastKnownFileType = "compiled.mach-o.dylib"; name = libz.dylib; path = usr/lib/libz.dylib; sourceTree = SDKROOT; };
		87161EEE167885C200064AC2 /* SystemConfiguration.framework */ = {isa = PBXFileReference; lastKnownFileType = wrapper.framework; name = SystemConfiguration.framework; path = System/Library/Frameworks/SystemConfiguration.framework; sourceTree = SDKROOT; };
		87161EF11678860900064AC2 /* MobileCoreServices.framework */ = {isa = PBXFileReference; lastKnownFileType = wrapper.framework; name = MobileCoreServices.framework; path = System/Library/Frameworks/MobileCoreServices.framework; sourceTree = SDKROOT; };
		87161F181678AA5E00064AC2 /* DDASLLogger.h */ = {isa = PBXFileReference; fileEncoding = 4; lastKnownFileType = sourcecode.c.h; name = DDASLLogger.h; path = vendors/CocoaLumberjack/Lumberjack/DDASLLogger.h; sourceTree = "<group>"; };
		87161F191678AA5E00064AC2 /* DDASLLogger.m */ = {isa = PBXFileReference; fileEncoding = 4; lastKnownFileType = sourcecode.c.objc; name = DDASLLogger.m; path = vendors/CocoaLumberjack/Lumberjack/DDASLLogger.m; sourceTree = "<group>"; };
		87161F1A1678AA5E00064AC2 /* DDFileLogger.h */ = {isa = PBXFileReference; fileEncoding = 4; lastKnownFileType = sourcecode.c.h; name = DDFileLogger.h; path = vendors/CocoaLumberjack/Lumberjack/DDFileLogger.h; sourceTree = "<group>"; };
		87161F1B1678AA5E00064AC2 /* DDFileLogger.m */ = {isa = PBXFileReference; fileEncoding = 4; lastKnownFileType = sourcecode.c.objc; name = DDFileLogger.m; path = vendors/CocoaLumberjack/Lumberjack/DDFileLogger.m; sourceTree = "<group>"; };
		87161F1C1678AA5E00064AC2 /* DDLog.h */ = {isa = PBXFileReference; fileEncoding = 4; lastKnownFileType = sourcecode.c.h; name = DDLog.h; path = vendors/CocoaLumberjack/Lumberjack/DDLog.h; sourceTree = "<group>"; };
		87161F1D1678AA5E00064AC2 /* DDLog.m */ = {isa = PBXFileReference; fileEncoding = 4; lastKnownFileType = sourcecode.c.objc; name = DDLog.m; path = vendors/CocoaLumberjack/Lumberjack/DDLog.m; sourceTree = "<group>"; };
		87161F1E1678AA5E00064AC2 /* DDTTYLogger.h */ = {isa = PBXFileReference; fileEncoding = 4; lastKnownFileType = sourcecode.c.h; name = DDTTYLogger.h; path = vendors/CocoaLumberjack/Lumberjack/DDTTYLogger.h; sourceTree = "<group>"; };
		87161F1F1678AA5E00064AC2 /* DDTTYLogger.m */ = {isa = PBXFileReference; fileEncoding = 4; lastKnownFileType = sourcecode.c.objc; name = DDTTYLogger.m; path = vendors/CocoaLumberjack/Lumberjack/DDTTYLogger.m; sourceTree = "<group>"; };
		87161F301678AD5300064AC2 /* XmlReader.h */ = {isa = PBXFileReference; fileEncoding = 4; lastKnownFileType = sourcecode.c.h; path = XmlReader.h; sourceTree = "<group>"; };
		87161F311678AD5300064AC2 /* XmlReader.m */ = {isa = PBXFileReference; fileEncoding = 4; lastKnownFileType = sourcecode.c.objc; path = XmlReader.m; sourceTree = "<group>"; };
		87161F381678BA5800064AC2 /* VifModel.h */ = {isa = PBXFileReference; fileEncoding = 4; lastKnownFileType = sourcecode.c.h; path = VifModel.h; sourceTree = "<group>"; };
		87161F391678BA5800064AC2 /* VifModel.m */ = {isa = PBXFileReference; fileEncoding = 4; lastKnownFileType = sourcecode.c.objc; path = VifModel.m; sourceTree = "<group>"; };
		871CD20C169A81EA004BA9AC /* ThreadViewController.h */ = {isa = PBXFileReference; fileEncoding = 4; lastKnownFileType = sourcecode.c.h; path = ThreadViewController.h; sourceTree = "<group>"; };
		871CD20D169A81EA004BA9AC /* ThreadViewController.m */ = {isa = PBXFileReference; fileEncoding = 4; lastKnownFileType = sourcecode.c.objc; path = ThreadViewController.m; sourceTree = "<group>"; };
		871CD243169A9CE1004BA9AC /* CKRefreshArrowView.h */ = {isa = PBXFileReference; fileEncoding = 4; lastKnownFileType = sourcecode.c.h; name = CKRefreshArrowView.h; path = vendors/CKRefreshControl/CKRefreshControl/CKRefreshArrowView.h; sourceTree = "<group>"; };
		871CD244169A9CE1004BA9AC /* CKRefreshArrowView.m */ = {isa = PBXFileReference; fileEncoding = 4; lastKnownFileType = sourcecode.c.objc; name = CKRefreshArrowView.m; path = vendors/CKRefreshControl/CKRefreshControl/CKRefreshArrowView.m; sourceTree = "<group>"; };
		871CD245169A9CE1004BA9AC /* CKRefreshControl.h */ = {isa = PBXFileReference; fileEncoding = 4; lastKnownFileType = sourcecode.c.h; name = CKRefreshControl.h; path = vendors/CKRefreshControl/CKRefreshControl/CKRefreshControl.h; sourceTree = "<group>"; };
		871CD246169A9CE1004BA9AC /* CKRefreshControl.m */ = {isa = PBXFileReference; fileEncoding = 4; lastKnownFileType = sourcecode.c.objc; name = CKRefreshControl.m; path = vendors/CKRefreshControl/CKRefreshControl/CKRefreshControl.m; sourceTree = "<group>"; };
		871E111A169FE2C6000286C9 /* PostViewController.h */ = {isa = PBXFileReference; fileEncoding = 4; lastKnownFileType = sourcecode.c.h; path = PostViewController.h; sourceTree = "<group>"; };
		871E111B169FE2C6000286C9 /* PostViewController.m */ = {isa = PBXFileReference; fileEncoding = 4; lastKnownFileType = sourcecode.c.objc; path = PostViewController.m; sourceTree = "<group>"; };
		871E111E169FEA4A000286C9 /* BaseVifViewController.h */ = {isa = PBXFileReference; fileEncoding = 4; lastKnownFileType = sourcecode.c.h; path = BaseVifViewController.h; sourceTree = "<group>"; };
		871E111F169FEA4A000286C9 /* BaseVifViewController.m */ = {isa = PBXFileReference; fileEncoding = 4; lastKnownFileType = sourcecode.c.objc; path = BaseVifViewController.m; sourceTree = "<group>"; };
		871E1121169FF863000286C9 /* dark_background.png */ = {isa = PBXFileReference; lastKnownFileType = image.png; name = dark_background.png; path = resources/dark_background.png; sourceTree = "<group>"; };
		871E113016A01730000286C9 /* Settings.bundle */ = {isa = PBXFileReference; lastKnownFileType = "wrapper.plug-in"; path = Settings.bundle; sourceTree = "<group>"; };
		8720A0D91679B1130006A2BA /* QuartzCore.framework */ = {isa = PBXFileReference; lastKnownFileType = wrapper.framework; name = QuartzCore.framework; path = System/Library/Frameworks/QuartzCore.framework; sourceTree = SDKROOT; };
		8720A0DC1679B12E0006A2BA /* CoreText.framework */ = {isa = PBXFileReference; lastKnownFileType = wrapper.framework; name = CoreText.framework; path = System/Library/Frameworks/CoreText.framework; sourceTree = SDKROOT; };
		8720A1021679C7DD0006A2BA /* libxml2.dylib */ = {isa = PBXFileReference; lastKnownFileType = "compiled.mach-o.dylib"; name = libxml2.dylib; path = usr/lib/libxml2.dylib; sourceTree = SDKROOT; };
		8728F9C2168C19AB006F4A46 /* UIFont+Kolyvan.h */ = {isa = PBXFileReference; fileEncoding = 4; lastKnownFileType = sourcecode.c.h; name = "UIFont+Kolyvan.h"; path = "category/UIFont+Kolyvan.h"; sourceTree = "<group>"; };
		8728F9C3168C19AB006F4A46 /* UIFont+Kolyvan.m */ = {isa = PBXFileReference; fileEncoding = 4; lastKnownFileType = sourcecode.c.objc; name = "UIFont+Kolyvan.m"; path = "category/UIFont+Kolyvan.m"; sourceTree = "<group>"; };
		8728F9C7168C19BE006F4A46 /* KxTableViewController.h */ = {isa = PBXFileReference; fileEncoding = 4; lastKnownFileType = sourcecode.c.h; path = KxTableViewController.h; sourceTree = "<group>"; };
		8728F9C8168C19BE006F4A46 /* KxTableViewController.m */ = {isa = PBXFileReference; fileEncoding = 4; lastKnownFileType = sourcecode.c.objc; path = KxTableViewController.m; sourceTree = "<group>"; };
		8728F9CA168C19C6006F4A46 /* ColorTheme.h */ = {isa = PBXFileReference; fileEncoding = 4; lastKnownFileType = sourcecode.c.h; path = ColorTheme.h; sourceTree = "<group>"; };
		8728F9CB168C19C6006F4A46 /* ColorTheme.m */ = {isa = PBXFileReference; fileEncoding = 4; lastKnownFileType = sourcecode.c.objc; path = ColorTheme.m; sourceTree = "<group>"; };
		8728F9CD168C1B9A006F4A46 /* ArticleCell.h */ = {isa = PBXFileReference; fileEncoding = 4; lastKnownFileType = sourcecode.c.h; path = ArticleCell.h; sourceTree = "<group>"; };
		8728F9CE168C1B9A006F4A46 /* ArticleCell.m */ = {isa = PBXFileReference; fileEncoding = 4; lastKnownFileType = sourcecode.c.objc; path = ArticleCell.m; sourceTree = "<group>"; };
		8728F9D0168C1FB4006F4A46 /* FastCell.h */ = {isa = PBXFileReference; fileEncoding = 4; lastKnownFileType = sourcecode.c.h; name = FastCell.h; path = vendors/FastCell.h; sourceTree = "<group>"; };
		8728F9D1168C1FB4006F4A46 /* FastCell.m */ = {isa = PBXFileReference; fileEncoding = 4; lastKnownFileType = sourcecode.c.objc; name = FastCell.m; path = vendors/FastCell.m; sourceTree = "<group>"; };
		872905E2169C027500465C6B /* ImageLoader.h */ = {isa = PBXFileReference; fileEncoding = 4; lastKnownFileType = sourcecode.c.h; path = ImageLoader.h; sourceTree = "<group>"; };
		872905E3169C027500465C6B /* ImageLoader.m */ = {isa = PBXFileReference; fileEncoding = 4; lastKnownFileType = sourcecode.c.objc; path = ImageLoader.m; sourceTree = "<group>"; };
		872B2A4B169D307400C3CC02 /* WebBrowserViewController.h */ = {isa = PBXFileReference; fileEncoding = 4; lastKnownFileType = sourcecode.c.h; path = WebBrowserViewController.h; sourceTree = "<group>"; };
		872B2A4C169D307400C3CC02 /* WebBrowserViewController.m */ = {isa = PBXFileReference; fileEncoding = 4; lastKnownFileType = sourcecode.c.objc; path = WebBrowserViewController.m; sourceTree = "<group>"; };
		872B2A66169D412F00C3CC02 /* webback.png */ = {isa = PBXFileReference; lastKnownFileType = image.png; name = webback.png; path = resources/webback.png; sourceTree = "<group>"; };
		872B2A67169D412F00C3CC02 /* webback@2x.png */ = {isa = PBXFileReference; lastKnownFileType = image.png; name = "webback@2x.png"; path = "resources/webback@2x.png"; sourceTree = "<group>"; };
		872B2A68169D412F00C3CC02 /* webforward.png */ = {isa = PBXFileReference; lastKnownFileType = image.png; name = webforward.png; path = resources/webforward.png; sourceTree = "<group>"; };
		872B2A69169D412F00C3CC02 /* webforward@2x.png */ = {isa = PBXFileReference; lastKnownFileType = image.png; name = "webforward@2x.png"; path = "resources/webforward@2x.png"; sourceTree = "<group>"; };
		872B2A79169D501700C3CC02 /* VifMessageCache.h */ = {isa = PBXFileReference; fileEncoding = 4; lastKnownFileType = sourcecode.c.h; path = VifMessageCache.h; sourceTree = "<group>"; };
		872B2A7A169D501700C3CC02 /* VifMessageCache.m */ = {isa = PBXFileReference; fileEncoding = 4; lastKnownFileType = sourcecode.c.objc; path = VifMessageCache.m; sourceTree = "<group>"; };
		872E4EB5168ACCDF00EA702A /* HTTPRequest.h */ = {isa = PBXFileReference; fileEncoding = 4; lastKnownFileType = sourcecode.c.h; path = HTTPRequest.h; sourceTree = "<group>"; };
		872E4EB6168ACCDF00EA702A /* HTTPRequest.m */ = {isa = PBXFileReference; fileEncoding = 4; lastKnownFileType = sourcecode.c.objc; path = HTTPRequest.m; sourceTree = "<group>"; };
		8732127D16A1585F00906C2C /* KxUtils.h */ = {isa = PBXFileReference; fileEncoding = 4; lastKnownFileType = sourcecode.c.h; name = KxUtils.h; path = vendors/kxtools/kxtools/KxUtils.h; sourceTree = "<group>"; };
		8732127E16A1585F00906C2C /* KxUtils.m */ = {isa = PBXFileReference; fileEncoding = 4; lastKnownFileType = sourcecode.c.objc; name = KxUtils.m; path = vendors/kxtools/kxtools/KxUtils.m; sourceTree = "<group>"; };
		8732127F16A1585F00906C2C /* NSArray+Kolyvan.h */ = {isa = PBXFileReference; fileEncoding = 4; lastKnownFileType = sourcecode.c.h; name = "NSArray+Kolyvan.h"; path = "vendors/kxtools/kxtools/NSArray+Kolyvan.h"; sourceTree = "<group>"; };
		8732128016A1585F00906C2C /* NSArray+Kolyvan.m */ = {isa = PBXFileReference; fileEncoding = 4; lastKnownFileType = sourcecode.c.objc; name = "NSArray+Kolyvan.m"; path = "vendors/kxtools/kxtools/NSArray+Kolyvan.m"; sourceTree = "<group>"; };
		8732128116A1585F00906C2C /* NSDate+Kolyvan.h */ = {isa = PBXFileReference; fileEncoding = 4; lastKnownFileType = sourcecode.c.h; name = "NSDate+Kolyvan.h"; path = "vendors/kxtools/kxtools/NSDate+Kolyvan.h"; sourceTree = "<group>"; };
		8732128216A1585F00906C2C /* NSDate+Kolyvan.m */ = {isa = PBXFileReference; fileEncoding = 4; lastKnownFileType = sourcecode.c.objc; name = "NSDate+Kolyvan.m"; path = "vendors/kxtools/kxtools/NSDate+Kolyvan.m"; sourceTree = "<group>"; };
		8732128316A1585F00906C2C /* NSDictionary+Kolyvan.h */ = {isa = PBXFileReference; fileEncoding = 4; lastKnownFileType = sourcecode.c.h; name = "NSDictionary+Kolyvan.h"; path = "vendors/kxtools/kxtools/NSDictionary+Kolyvan.h"; sourceTree = "<group>"; };
		8732128416A1585F00906C2C /* NSDictionary+Kolyvan.m */ = {isa = PBXFileReference; fileEncoding = 4; lastKnownFileType = sourcecode.c.objc; name = "NSDictionary+Kolyvan.m"; path = "vendors/kxtools/kxtools/NSDictionary+Kolyvan.m"; sourceTree = "<group>"; };
		8732128516A1585F00906C2C /* NSString+Kolyvan.h */ = {isa = PBXFileReference; fileEncoding = 4; lastKnownFileType = sourcecode.c.h; name = "NSString+Kolyvan.h"; path = "vendors/kxtools/kxtools/NSString+Kolyvan.h"; sourceTree = "<group>"; };
		8732128616A1585F00906C2C /* NSString+Kolyvan.m */ = {isa = PBXFileReference; fileEncoding = 4; lastKnownFileType = sourcecode.c.objc; name = "NSString+Kolyvan.m"; path = "vendors/kxtools/kxtools/NSString+Kolyvan.m"; sourceTree = "<group>"; };
		8732128C16A1586F00906C2C /* KxList.h */ = {isa = PBXFileReference; fileEncoding = 4; lastKnownFileType = sourcecode.c.h; name = KxList.h; path = vendors/kxtools/kxtools/KxList.h; sourceTree = "<group>"; };
		8732128D16A1586F00906C2C /* KxList.m */ = {isa = PBXFileReference; fileEncoding = 4; lastKnownFileType = sourcecode.c.objc; name = KxList.m; path = vendors/kxtools/kxtools/KxList.m; sourceTree = "<group>"; };
		8732128E16A1586F00906C2C /* KxTuple2.h */ = {isa = PBXFileReference; fileEncoding = 4; lastKnownFileType = sourcecode.c.h; name = KxTuple2.h; path = vendors/kxtools/kxtools/KxTuple2.h; sourceTree = "<group>"; };
		8732128F16A1586F00906C2C /* KxTuple2.m */ = {isa = PBXFileReference; fileEncoding = 4; lastKnownFileType = sourcecode.c.objc; name = KxTuple2.m; path = vendors/kxtools/kxtools/KxTuple2.m; sourceTree = "<group>"; };
		878BBB7F168ED518007C3381 /* helpers.h */ = {isa = PBXFileReference; fileEncoding = 4; lastKnownFileType = sourcecode.c.h; path = helpers.h; sourceTree = "<group>"; };
		878BBB80168ED518007C3381 /* helpers.m */ = {isa = PBXFileReference; fileEncoding = 4; lastKnownFileType = sourcecode.c.objc; path = helpers.m; sourceTree = "<group>"; };
		87DB8BAC169E7BDC0020D04E /* back.png */ = {isa = PBXFileReference; lastKnownFileType = image.png; name = back.png; path = resources/back.png; sourceTree = "<group>"; };
		87DB8BAD169E7BDC0020D04E /* back@2x.png */ = {isa = PBXFileReference; lastKnownFileType = image.png; name = "back@2x.png"; path = "resources/back@2x.png"; sourceTree = "<group>"; };
		87DB8C4D169ECA9E0020D04E /* VifSettings.h */ = {isa = PBXFileReference; fileEncoding = 4; lastKnownFileType = sourcecode.c.h; path = VifSettings.h; sourceTree = "<group>"; };
		87DB8C4E169ECA9E0020D04E /* VifSettings.m */ = {isa = PBXFileReference; fileEncoding = 4; lastKnownFileType = sourcecode.c.objc; path = VifSettings.m; sourceTree = "<group>"; };
		87DB8C5C169EE0470020D04E /* LoginViewController.h */ = {isa = PBXFileReference; fileEncoding = 4; lastKnownFileType = sourcecode.c.h; path = LoginViewController.h; sourceTree = "<group>"; };
		87DB8C5D169EE0480020D04E /* LoginViewController.m */ = {isa = PBXFileReference; fileEncoding = 4; lastKnownFileType = sourcecode.c.objc; path = LoginViewController.m; sourceTree = "<group>"; };
		87FA53CA16ACEF690090DDA3 /* Icon.png */ = {isa = PBXFileReference; lastKnownFileType = image.png; name = Icon.png; path = ../Icon.png; sourceTree = "<group>"; };
		87FA53CD16ACEF700090DDA3 /* Icon@2x.png */ = {isa = PBXFileReference; lastKnownFileType = image.png; name = "Icon@2x.png"; path = "../Icon@2x.png"; sourceTree = "<group>"; };
		87FA53DB16AD00190090DDA3 /* NSData+Kolyvan.h */ = {isa = PBXFileReference; fileEncoding = 4; lastKnownFileType = sourcecode.c.h; name = "NSData+Kolyvan.h"; path = "vendors/kxtools/kxtools/NSData+Kolyvan.h"; sourceTree = "<group>"; };
		87FA53DC16AD00190090DDA3 /* NSData+Kolyvan.m */ = {isa = PBXFileReference; fileEncoding = 4; lastKnownFileType = sourcecode.c.objc; name = "NSData+Kolyvan.m"; path = "vendors/kxtools/kxtools/NSData+Kolyvan.m"; sourceTree = "<group>"; };
		87FDE02116A14AF000B204D4 /* en */ = {isa = PBXFileReference; lastKnownFileType = text.plist.strings; name = en; path = en.lproj/Localizable.strings; sourceTree = "<group>"; };
		87FDE02416A14B5100B204D4 /* ru */ = {isa = PBXFileReference; lastKnownFileType = text.plist.strings; name = ru; path = ru.lproj/InfoPlist.strings; sourceTree = "<group>"; };
		87FDE02516A14B5100B204D4 /* ru */ = {isa = PBXFileReference; lastKnownFileType = text.plist.strings; name = ru; path = ru.lproj/Localizable.strings; sourceTree = "<group>"; };
		87FDE02B16A157C900B204D4 /* DTHTMLParser.h */ = {isa = PBXFileReference; fileEncoding = 4; lastKnownFileType = sourcecode.c.h; name = DTHTMLParser.h; path = vendors/kxhtml/KxHTML/DTHTMLParser.h; sourceTree = "<group>"; };
		87FDE02C16A157C900B204D4 /* DTHTMLParser.m */ = {isa = PBXFileReference; fileEncoding = 4; lastKnownFileType = sourcecode.c.objc; name = DTHTMLParser.m; path = vendors/kxhtml/KxHTML/DTHTMLParser.m; sourceTree = "<group>"; };
		87FDE02D16A157C900B204D4 /* hyphenation.h */ = {isa = PBXFileReference; fileEncoding = 4; lastKnownFileType = sourcecode.c.h; name = hyphenation.h; path = vendors/kxhtml/KxHTML/hyphenation.h; sourceTree = "<group>"; };
		87FDE02E16A157C900B204D4 /* hyphenation.m */ = {isa = PBXFileReference; fileEncoding = 4; lastKnownFileType = sourcecode.c.objc; name = hyphenation.m; path = vendors/kxhtml/KxHTML/hyphenation.m; sourceTree = "<group>"; };
		87FDE02F16A157C900B204D4 /* KxHTML-Prefix.pch */ = {isa = PBXFileReference; fileEncoding = 4; lastKnownFileType = sourcecode.c.h; name = "KxHTML-Prefix.pch"; path = "vendors/kxhtml/KxHTML/KxHTML-Prefix.pch"; sourceTree = "<group>"; };
		87FDE03016A157C900B204D4 /* KxHTML.h */ = {isa = PBXFileReference; fileEncoding = 4; lastKnownFileType = sourcecode.c.h; name = KxHTML.h; path = vendors/kxhtml/KxHTML/KxHTML.h; sourceTree = "<group>"; };
		87FDE03116A157C900B204D4 /* KxHTML.m */ = {isa = PBXFileReference; fileEncoding = 4; lastKnownFileType = sourcecode.c.objc; name = KxHTML.m; path = vendors/kxhtml/KxHTML/KxHTML.m; sourceTree = "<group>"; };
		87FDE03216A157C900B204D4 /* NSString+HTML.h */ = {isa = PBXFileReference; fileEncoding = 4; lastKnownFileType = sourcecode.c.h; name = "NSString+HTML.h"; path = "vendors/kxhtml/KxHTML/NSString+HTML.h"; sourceTree = "<group>"; };
		87FDE03316A157C900B204D4 /* NSString+HTML.m */ = {isa = PBXFileReference; fileEncoding = 4; lastKnownFileType = sourcecode.c.objc; name = "NSString+HTML.m"; path = "vendors/kxhtml/KxHTML/NSString+HTML.m"; sourceTree = "<group>"; };
		87FDE03416A157C900B204D4 /* UIColor+HTML.h */ = {isa = PBXFileReference; fileEncoding = 4; lastKnownFileType = sourcecode.c.h; name = "UIColor+HTML.h"; path = "vendors/kxhtml/KxHTML/UIColor+HTML.h"; sourceTree = "<group>"; };
		87FDE03516A157C900B204D4 /* UIColor+HTML.m */ = {isa = PBXFileReference; fileEncoding = 4; lastKnownFileType = sourcecode.c.objc; name = "UIColor+HTML.m"; path = "vendors/kxhtml/KxHTML/UIColor+HTML.m"; sourceTree = "<group>"; };
/* End PBXFileReference section */

/* Begin PBXFrameworksBuildPhase section */
		87161E7E167877AA00064AC2 /* Frameworks */ = {
			isa = PBXFrameworksBuildPhase;
			buildActionMask = 2147483647;
			files = (
				8720A1031679C7DD0006A2BA /* libxml2.dylib in Frameworks */,
				8720A0DE1679B1400006A2BA /* CoreText.framework in Frameworks */,
				8720A0DB1679B11C0006A2BA /* QuartzCore.framework in Frameworks */,
				87161EF31678861000064AC2 /* MobileCoreServices.framework in Frameworks */,
				87161EF0167885CB00064AC2 /* SystemConfiguration.framework in Frameworks */,
				87161EED1678859700064AC2 /* libz.dylib in Frameworks */,
				87161E86167877AA00064AC2 /* UIKit.framework in Frameworks */,
				87161E88167877AA00064AC2 /* Foundation.framework in Frameworks */,
				87161E8A167877AA00064AC2 /* CoreGraphics.framework in Frameworks */,
			);
			runOnlyForDeploymentPostprocessing = 0;
		};
/* End PBXFrameworksBuildPhase section */

/* Begin PBXGroup section */
		87161E76167877AA00064AC2 = {
			isa = PBXGroup;
			children = (
				87161F351678B5A100064AC2 /* resources */,
				87161E8B167877AA00064AC2 /* kxvif2ne */,
				87161EA31678786300064AC2 /* vendors */,
				87161E84167877AA00064AC2 /* Frameworks */,
				87161E82167877AA00064AC2 /* Products */,
			);
			sourceTree = "<group>";
		};
		87161E82167877AA00064AC2 /* Products */ = {
			isa = PBXGroup;
			children = (
				87161E81167877AA00064AC2 /* VIF2NE.RU.app */,
			);
			name = Products;
			sourceTree = "<group>";
		};
		87161E84167877AA00064AC2 /* Frameworks */ = {
			isa = PBXGroup;
			children = (
				8720A1021679C7DD0006A2BA /* libxml2.dylib */,
				8720A0DC1679B12E0006A2BA /* CoreText.framework */,
				8720A0D91679B1130006A2BA /* QuartzCore.framework */,
				87161EF11678860900064AC2 /* MobileCoreServices.framework */,
				87161EEE167885C200064AC2 /* SystemConfiguration.framework */,
				87161EEC1678859700064AC2 /* libz.dylib */,
				87161E85167877AA00064AC2 /* UIKit.framework */,
				87161E87167877AA00064AC2 /* Foundation.framework */,
				87161E89167877AA00064AC2 /* CoreGraphics.framework */,
			);
			name = Frameworks;
			sourceTree = "<group>";
		};
		87161E8B167877AA00064AC2 /* kxvif2ne */ = {
			isa = PBXGroup;
			children = (
				8728F9C6168C19AF006F4A46 /* category */,
				87161E94167877AA00064AC2 /* AppDelegate.h */,
				87161E95167877AA00064AC2 /* AppDelegate.m */,
				871E111E169FEA4A000286C9 /* BaseVifViewController.h */,
				871E111F169FEA4A000286C9 /* BaseVifViewController.m */,
				8705F41F169145B6005989C8 /* TreeViewController.h */,
				8705F420169145B6005989C8 /* TreeViewController.m */,
				871CD20C169A81EA004BA9AC /* ThreadViewController.h */,
				871CD20D169A81EA004BA9AC /* ThreadViewController.m */,
				8728F9C7168C19BE006F4A46 /* KxTableViewController.h */,
				8728F9C8168C19BE006F4A46 /* KxTableViewController.m */,
				872B2A4B169D307400C3CC02 /* WebBrowserViewController.h */,
				872B2A4C169D307400C3CC02 /* WebBrowserViewController.m */,
				8728F9CD168C1B9A006F4A46 /* ArticleCell.h */,
				8728F9CE168C1B9A006F4A46 /* ArticleCell.m */,
				87161F381678BA5800064AC2 /* VifModel.h */,
				87161F391678BA5800064AC2 /* VifModel.m */,
				872B2A79169D501700C3CC02 /* VifMessageCache.h */,
				872B2A7A169D501700C3CC02 /* VifMessageCache.m */,
				87DB8C4D169ECA9E0020D04E /* VifSettings.h */,
				87DB8C4E169ECA9E0020D04E /* VifSettings.m */,
				878BBB7F168ED518007C3381 /* helpers.h */,
				878BBB80168ED518007C3381 /* helpers.m */,
				8728F9CA168C19C6006F4A46 /* ColorTheme.h */,
				8728F9CB168C19C6006F4A46 /* ColorTheme.m */,
				872905E2169C027500465C6B /* ImageLoader.h */,
				872905E3169C027500465C6B /* ImageLoader.m */,
				872E4EB5168ACCDF00EA702A /* HTTPRequest.h */,
				872E4EB6168ACCDF00EA702A /* HTTPRequest.m */,
				87161F301678AD5300064AC2 /* XmlReader.h */,
				87161F311678AD5300064AC2 /* XmlReader.m */,
				87DB8C5C169EE0470020D04E /* LoginViewController.h */,
				87DB8C5D169EE0480020D04E /* LoginViewController.m */,
				871E111A169FE2C6000286C9 /* PostViewController.h */,
				871E111B169FE2C6000286C9 /* PostViewController.m */,
				87161E8C167877AA00064AC2 /* Supporting Files */,
			);
			path = kxvif2ne;
			sourceTree = "<group>";
		};
		87161E8C167877AA00064AC2 /* Supporting Files */ = {
			isa = PBXGroup;
			children = (
				87FA53CD16ACEF700090DDA3 /* Icon@2x.png */,
				87FA53CA16ACEF690090DDA3 /* Icon.png */,
				871E113016A01730000286C9 /* Settings.bundle */,
				87161E8D167877AA00064AC2 /* kxvif2ne-Info.plist */,
				87161E8E167877AA00064AC2 /* InfoPlist.strings */,
				87161E91167877AA00064AC2 /* main.m */,
				87161E93167877AA00064AC2 /* kxvif2ne-Prefix.pch */,
				87161E97167877AA00064AC2 /* Default.png */,
				87161E99167877AA00064AC2 /* Default@2x.png */,
				87161E9B167877AA00064AC2 /* Default-568h@2x.png */,
				87FDE02216A14AF000B204D4 /* Localizable.strings */,
			);
			name = "Supporting Files";
			sourceTree = "<group>";
		};
		87161EA31678786300064AC2 /* vendors */ = {
			isa = PBXGroup;
			children = (
				8728F9D0168C1FB4006F4A46 /* FastCell.h */,
				8728F9D1168C1FB4006F4A46 /* FastCell.m */,
				871CD242169A9CC1004BA9AC /* CKRefreshControl */,
				8732127B16A1584100906C2C /* kxtools */,
				87161F241678AA6100064AC2 /* Lumberjack */,
				87354620168D9E3D00EAEA67 /* kxhtml */,
			);
			name = vendors;
			sourceTree = "<group>";
		};
		87161F241678AA6100064AC2 /* Lumberjack */ = {
			isa = PBXGroup;
			children = (
				87161F181678AA5E00064AC2 /* DDASLLogger.h */,
				87161F191678AA5E00064AC2 /* DDASLLogger.m */,
				87161F1A1678AA5E00064AC2 /* DDFileLogger.h */,
				87161F1B1678AA5E00064AC2 /* DDFileLogger.m */,
				87161F1C1678AA5E00064AC2 /* DDLog.h */,
				87161F1D1678AA5E00064AC2 /* DDLog.m */,
				87161F1E1678AA5E00064AC2 /* DDTTYLogger.h */,
				87161F1F1678AA5E00064AC2 /* DDTTYLogger.m */,
			);
			name = Lumberjack;
			sourceTree = "<group>";
		};
		87161F351678B5A100064AC2 /* resources */ = {
			isa = PBXGroup;
			children = (
				871E1121169FF863000286C9 /* dark_background.png */,
				87DB8BAC169E7BDC0020D04E /* back.png */,
				87DB8BAD169E7BDC0020D04E /* back@2x.png */,
				872B2A66169D412F00C3CC02 /* webback.png */,
				872B2A67169D412F00C3CC02 /* webback@2x.png */,
				872B2A68169D412F00C3CC02 /* webforward.png */,
				872B2A69169D412F00C3CC02 /* webforward@2x.png */,
			);
			name = resources;
			sourceTree = "<group>";
		};
		871CD242169A9CC1004BA9AC /* CKRefreshControl */ = {
			isa = PBXGroup;
			children = (
				871CD243169A9CE1004BA9AC /* CKRefreshArrowView.h */,
				871CD244169A9CE1004BA9AC /* CKRefreshArrowView.m */,
				871CD245169A9CE1004BA9AC /* CKRefreshControl.h */,
				871CD246169A9CE1004BA9AC /* CKRefreshControl.m */,
			);
			name = CKRefreshControl;
			sourceTree = "<group>";
		};
		8728F9C6168C19AF006F4A46 /* category */ = {
			isa = PBXGroup;
			children = (
				8728F9C2168C19AB006F4A46 /* UIFont+Kolyvan.h */,
				8728F9C3168C19AB006F4A46 /* UIFont+Kolyvan.m */,
			);
			name = category;
			sourceTree = "<group>";
		};
		8732127B16A1584100906C2C /* kxtools */ = {
			isa = PBXGroup;
			children = (
				87FA53DB16AD00190090DDA3 /* NSData+Kolyvan.h */,
				87FA53DC16AD00190090DDA3 /* NSData+Kolyvan.m */,
				8732128C16A1586F00906C2C /* KxList.h */,
				8732128D16A1586F00906C2C /* KxList.m */,
				8732128E16A1586F00906C2C /* KxTuple2.h */,
				8732128F16A1586F00906C2C /* KxTuple2.m */,
				8732127D16A1585F00906C2C /* KxUtils.h */,
				8732127E16A1585F00906C2C /* KxUtils.m */,
				8732127F16A1585F00906C2C /* NSArray+Kolyvan.h */,
				8732128016A1585F00906C2C /* NSArray+Kolyvan.m */,
				8732128116A1585F00906C2C /* NSDate+Kolyvan.h */,
				8732128216A1585F00906C2C /* NSDate+Kolyvan.m */,
				8732128316A1585F00906C2C /* NSDictionary+Kolyvan.h */,
				8732128416A1585F00906C2C /* NSDictionary+Kolyvan.m */,
				8732128516A1585F00906C2C /* NSString+Kolyvan.h */,
				8732128616A1585F00906C2C /* NSString+Kolyvan.m */,
			);
			name = kxtools;
			sourceTree = "<group>";
		};
		87354620168D9E3D00EAEA67 /* kxhtml */ = {
			isa = PBXGroup;
			children = (
				87FDE02B16A157C900B204D4 /* DTHTMLParser.h */,
				87FDE02C16A157C900B204D4 /* DTHTMLParser.m */,
				87FDE02D16A157C900B204D4 /* hyphenation.h */,
				87FDE02E16A157C900B204D4 /* hyphenation.m */,
				87FDE02F16A157C900B204D4 /* KxHTML-Prefix.pch */,
				87FDE03016A157C900B204D4 /* KxHTML.h */,
				87FDE03116A157C900B204D4 /* KxHTML.m */,
				87FDE03216A157C900B204D4 /* NSString+HTML.h */,
				87FDE03316A157C900B204D4 /* NSString+HTML.m */,
				87FDE03416A157C900B204D4 /* UIColor+HTML.h */,
				87FDE03516A157C900B204D4 /* UIColor+HTML.m */,
			);
			name = kxhtml;
			sourceTree = "<group>";
		};
/* End PBXGroup section */

/* Begin PBXNativeTarget section */
		87161E80167877AA00064AC2 /* VIF2NE.RU */ = {
			isa = PBXNativeTarget;
			buildConfigurationList = 87161E9F167877AA00064AC2 /* Build configuration list for PBXNativeTarget "VIF2NE.RU" */;
			buildPhases = (
				87161E7D167877AA00064AC2 /* Sources */,
				87161E7E167877AA00064AC2 /* Frameworks */,
				87161E7F167877AA00064AC2 /* Resources */,
			);
			buildRules = (
			);
			dependencies = (
			);
			name = VIF2NE.RU;
			productName = kxvif2ne;
			productReference = 87161E81167877AA00064AC2 /* VIF2NE.RU.app */;
			productType = "com.apple.product-type.application";
		};
/* End PBXNativeTarget section */

/* Begin PBXProject section */
		87161E78167877AA00064AC2 /* Project object */ = {
			isa = PBXProject;
			attributes = {
				LastUpgradeCheck = 0450;
				ORGANIZATIONNAME = "Konstantin Bukreev";
			};
			buildConfigurationList = 87161E7B167877AA00064AC2 /* Build configuration list for PBXProject "kxvif2ne" */;
			compatibilityVersion = "Xcode 3.2";
			developmentRegion = English;
			hasScannedForEncodings = 0;
			knownRegions = (
				en,
				ru,
			);
			mainGroup = 87161E76167877AA00064AC2;
			productRefGroup = 87161E82167877AA00064AC2 /* Products */;
			projectDirPath = "";
			projectRoot = "";
			targets = (
				87161E80167877AA00064AC2 /* VIF2NE.RU */,
			);
		};
/* End PBXProject section */

/* Begin PBXResourcesBuildPhase section */
		87161E7F167877AA00064AC2 /* Resources */ = {
			isa = PBXResourcesBuildPhase;
			buildActionMask = 2147483647;
			files = (
				87161E90167877AA00064AC2 /* InfoPlist.strings in Resources */,
				87161E98167877AA00064AC2 /* Default.png in Resources */,
				87161E9A167877AA00064AC2 /* Default@2x.png in Resources */,
				87161E9C167877AA00064AC2 /* Default-568h@2x.png in Resources */,
				872B2A6A169D412F00C3CC02 /* webback.png in Resources */,
				872B2A6B169D412F00C3CC02 /* webback@2x.png in Resources */,
				872B2A6C169D412F00C3CC02 /* webforward.png in Resources */,
				872B2A6D169D412F00C3CC02 /* webforward@2x.png in Resources */,
				87DB8BAE169E7BDC0020D04E /* back.png in Resources */,
				87DB8BAF169E7BDC0020D04E /* back@2x.png in Resources */,
				871E1122169FF863000286C9 /* dark_background.png in Resources */,
				871E113116A01730000286C9 /* Settings.bundle in Resources */,
				87FDE02016A14AF000B204D4 /* Localizable.strings in Resources */,
				87FA53CB16ACEF690090DDA3 /* Icon.png in Resources */,
				87FA53CE16ACEF700090DDA3 /* Icon@2x.png in Resources */,
			);
			runOnlyForDeploymentPostprocessing = 0;
		};
/* End PBXResourcesBuildPhase section */

/* Begin PBXSourcesBuildPhase section */
		87161E7D167877AA00064AC2 /* Sources */ = {
			isa = PBXSourcesBuildPhase;
			buildActionMask = 2147483647;
			files = (
				87161E92167877AA00064AC2 /* main.m in Sources */,
				87161E96167877AA00064AC2 /* AppDelegate.m in Sources */,
				87161F201678AA5E00064AC2 /* DDASLLogger.m in Sources */,
				87161F211678AA5E00064AC2 /* DDFileLogger.m in Sources */,
				87161F221678AA5E00064AC2 /* DDLog.m in Sources */,
				87161F231678AA5E00064AC2 /* DDTTYLogger.m in Sources */,
				87161F321678AD5300064AC2 /* XmlReader.m in Sources */,
				87161F3A1678BA5800064AC2 /* VifModel.m in Sources */,
				872E4EB7168ACCDF00EA702A /* HTTPRequest.m in Sources */,
				8728F9C5168C19AB006F4A46 /* UIFont+Kolyvan.m in Sources */,
				8728F9C9168C19BE006F4A46 /* KxTableViewController.m in Sources */,
				8728F9CC168C19C6006F4A46 /* ColorTheme.m in Sources */,
				8728F9CF168C1B9A006F4A46 /* ArticleCell.m in Sources */,
				8728F9D2168C1FB4006F4A46 /* FastCell.m in Sources */,
				878BBB81168ED518007C3381 /* helpers.m in Sources */,
				8705F421169145B6005989C8 /* TreeViewController.m in Sources */,
				871CD20E169A81EA004BA9AC /* ThreadViewController.m in Sources */,
				871CD247169A9CE1004BA9AC /* CKRefreshArrowView.m in Sources */,
				871CD248169A9CE1004BA9AC /* CKRefreshControl.m in Sources */,
				872905E4169C027500465C6B /* ImageLoader.m in Sources */,
				872B2A4D169D307400C3CC02 /* WebBrowserViewController.m in Sources */,
				872B2A7B169D501700C3CC02 /* VifMessageCache.m in Sources */,
				87DB8C4F169ECA9E0020D04E /* VifSettings.m in Sources */,
				87DB8C5F169EE0480020D04E /* LoginViewController.m in Sources */,
				871E111C169FE2C6000286C9 /* PostViewController.m in Sources */,
				871E1120169FEA4A000286C9 /* BaseVifViewController.m in Sources */,
				87FDE03616A157C900B204D4 /* DTHTMLParser.m in Sources */,
				87FDE03716A157C900B204D4 /* hyphenation.m in Sources */,
				87FDE03816A157C900B204D4 /* KxHTML.m in Sources */,
				87FDE03916A157C900B204D4 /* NSString+HTML.m in Sources */,
				87FDE03A16A157C900B204D4 /* UIColor+HTML.m in Sources */,
				8732128716A1585F00906C2C /* KxUtils.m in Sources */,
				8732128816A1585F00906C2C /* NSArray+Kolyvan.m in Sources */,
				8732128916A1585F00906C2C /* NSDate+Kolyvan.m in Sources */,
				8732128A16A1585F00906C2C /* NSDictionary+Kolyvan.m in Sources */,
				8732128B16A1585F00906C2C /* NSString+Kolyvan.m in Sources */,
				8732129016A1586F00906C2C /* KxList.m in Sources */,
				8732129116A1586F00906C2C /* KxTuple2.m in Sources */,
				87FA53DD16AD00190090DDA3 /* NSData+Kolyvan.m in Sources */,
			);
			runOnlyForDeploymentPostprocessing = 0;
		};
/* End PBXSourcesBuildPhase section */

/* Begin PBXVariantGroup section */
		87161E8E167877AA00064AC2 /* InfoPlist.strings */ = {
			isa = PBXVariantGroup;
			children = (
				87161E8F167877AA00064AC2 /* en */,
				87FDE02416A14B5100B204D4 /* ru */,
			);
			name = InfoPlist.strings;
			sourceTree = "<group>";
		};
		87FDE02216A14AF000B204D4 /* Localizable.strings */ = {
			isa = PBXVariantGroup;
			children = (
				87FDE02116A14AF000B204D4 /* en */,
				87FDE02516A14B5100B204D4 /* ru */,
			);
			name = Localizable.strings;
			sourceTree = "<group>";
		};
/* End PBXVariantGroup section */

/* Begin XCBuildConfiguration section */
		87161E9D167877AA00064AC2 /* Debug */ = {
			isa = XCBuildConfiguration;
			buildSettings = {
				ALWAYS_SEARCH_USER_PATHS = NO;
				CLANG_CXX_LANGUAGE_STANDARD = "gnu++0x";
				CLANG_CXX_LIBRARY = "libc++";
				CLANG_ENABLE_OBJC_ARC = YES;
				CLANG_WARN_EMPTY_BODY = YES;
				CLANG_WARN__DUPLICATE_METHOD_MATCH = YES;
				"CODE_SIGN_IDENTITY[sdk=iphoneos*]" = "iPhone Developer";
				COPY_PHASE_STRIP = NO;
				GCC_C_LANGUAGE_STANDARD = gnu99;
				GCC_DYNAMIC_NO_PIC = NO;
				GCC_OPTIMIZATION_LEVEL = 0;
				GCC_PREPROCESSOR_DEFINITIONS = (
					"DEBUG=1",
					"$(inherited)",
				);
				GCC_SYMBOLS_PRIVATE_EXTERN = NO;
				GCC_WARN_ABOUT_RETURN_TYPE = YES;
				GCC_WARN_UNINITIALIZED_AUTOS = YES;
				GCC_WARN_UNUSED_VARIABLE = YES;
				IPHONEOS_DEPLOYMENT_TARGET = 6.0;
				ONLY_ACTIVE_ARCH = YES;
				SDKROOT = iphoneos;
			};
			name = Debug;
		};
		87161E9E167877AA00064AC2 /* Release */ = {
			isa = XCBuildConfiguration;
			buildSettings = {
				ALWAYS_SEARCH_USER_PATHS = NO;
				CLANG_CXX_LANGUAGE_STANDARD = "gnu++0x";
				CLANG_CXX_LIBRARY = "libc++";
				CLANG_ENABLE_OBJC_ARC = YES;
				CLANG_WARN_EMPTY_BODY = YES;
				CLANG_WARN__DUPLICATE_METHOD_MATCH = YES;
				"CODE_SIGN_IDENTITY[sdk=iphoneos*]" = "iPhone Developer";
				COPY_PHASE_STRIP = YES;
				GCC_C_LANGUAGE_STANDARD = gnu99;
				GCC_WARN_ABOUT_RETURN_TYPE = YES;
				GCC_WARN_UNINITIALIZED_AUTOS = YES;
				GCC_WARN_UNUSED_VARIABLE = YES;
				IPHONEOS_DEPLOYMENT_TARGET = 6.0;
				OTHER_CFLAGS = "-DNS_BLOCK_ASSERTIONS=1";
				SDKROOT = iphoneos;
				VALIDATE_PRODUCT = YES;
			};
			name = Release;
		};
		87161EA0167877AA00064AC2 /* Debug */ = {
			isa = XCBuildConfiguration;
			buildSettings = {
				GCC_PRECOMPILE_PREFIX_HEADER = YES;
				GCC_PREFIX_HEADER = "kxvif2ne/kxvif2ne-Prefix.pch";
				HEADER_SEARCH_PATHS = /usr/include/libxml2;
				INFOPLIST_FILE = "kxvif2ne/kxvif2ne-Info.plist";
				IPHONEOS_DEPLOYMENT_TARGET = 5.1;
				PRODUCT_NAME = "$(TARGET_NAME)";
				TARGETED_DEVICE_FAMILY = "1,2";
				WRAPPER_EXTENSION = app;
			};
			name = Debug;
		};
		87161EA1167877AA00064AC2 /* Release */ = {
			isa = XCBuildConfiguration;
			buildSettings = {
				GCC_PRECOMPILE_PREFIX_HEADER = YES;
				GCC_PREFIX_HEADER = "kxvif2ne/kxvif2ne-Prefix.pch";
				HEADER_SEARCH_PATHS = /usr/include/libxml2;
				INFOPLIST_FILE = "kxvif2ne/kxvif2ne-Info.plist";
				IPHONEOS_DEPLOYMENT_TARGET = 5.1;
				PRODUCT_NAME = "$(TARGET_NAME)";
				TARGETED_DEVICE_FAMILY = "1,2";
				WRAPPER_EXTENSION = app;
			};
			name = Release;
		};
		8732129216A15D2100906C2C /* Distribution */ = {
			isa = XCBuildConfiguration;
			buildSettings = {
				ALWAYS_SEARCH_USER_PATHS = NO;
				CLANG_CXX_LANGUAGE_STANDARD = "gnu++0x";
				CLANG_CXX_LIBRARY = "libc++";
				CLANG_ENABLE_OBJC_ARC = YES;
				CLANG_WARN_EMPTY_BODY = YES;
				CLANG_WARN__DUPLICATE_METHOD_MATCH = YES;
				"CODE_SIGN_IDENTITY[sdk=iphoneos*]" = "iPhone Distribution: Konstantin Bukreev";
				COPY_PHASE_STRIP = YES;
				GCC_C_LANGUAGE_STANDARD = gnu99;
				GCC_WARN_ABOUT_RETURN_TYPE = YES;
				GCC_WARN_UNINITIALIZED_AUTOS = YES;
				GCC_WARN_UNUSED_VARIABLE = YES;
				IPHONEOS_DEPLOYMENT_TARGET = 6.0;
				OTHER_CFLAGS = "-DNS_BLOCK_ASSERTIONS=1";
				"PROVISIONING_PROFILE[sdk=iphoneos*]" = "1A5299CE-0AE5-437F-860D-B7061A50F8CD";
				SDKROOT = iphoneos;
				VALIDATE_PRODUCT = YES;
			};
			name = Distribution;
		};
		8732129316A15D2100906C2C /* Distribution */ = {
			isa = XCBuildConfiguration;
			buildSettings = {
				GCC_PRECOMPILE_PREFIX_HEADER = YES;
				GCC_PREFIX_HEADER = "kxvif2ne/kxvif2ne-Prefix.pch";
				HEADER_SEARCH_PATHS = /usr/include/libxml2;
				INFOPLIST_FILE = "kxvif2ne/kxvif2ne-Info.plist";
				IPHONEOS_DEPLOYMENT_TARGET = 5.1;
				PRODUCT_NAME = "$(TARGET_NAME)";
				TARGETED_DEVICE_FAMILY = "1,2";
				WRAPPER_EXTENSION = app;
			};
			name = Distribution;
		};
/* End XCBuildConfiguration section */

/* Begin XCConfigurationList section */
		87161E7B167877AA00064AC2 /* Build configuration list for PBXProject "kxvif2ne" */ = {
			isa = XCConfigurationList;
			buildConfigurations = (
				87161E9D167877AA00064AC2 /* Debug */,
				87161E9E167877AA00064AC2 /* Release */,
				8732129216A15D2100906C2C /* Distribution */,
			);
			defaultConfigurationIsVisible = 0;
			defaultConfigurationName = Release;
		};
		87161E9F167877AA00064AC2 /* Build configuration list for PBXNativeTarget "VIF2NE.RU" */ = {
			isa = XCConfigurationList;
			buildConfigurations = (
				87161EA0167877AA00064AC2 /* Debug */,
				87161EA1167877AA00064AC2 /* Release */,
				8732129316A15D2100906C2C /* Distribution */,
			);
			defaultConfigurationIsVisible = 0;
			defaultConfigurationName = Release;
		};
/* End XCConfigurationList section */
	};
	rootObject = 87161E78167877AA00064AC2 /* Project object */;
}
